<?xml version="1.0" encoding="UTF-8" standalone="yes" ?>
<CodeBlocks_project_file>
	<FileVersion major="1" minor="6" />
	<Project>
		<Option title="Watermill" />
		<Option pch_mode="2" />
		<Option compiler="gcc" />
		<Build>
			<Target title="Debug_MinGW32">
				<Option output="bin/Debug_MinGW32/Watermill" prefix_auto="1" extension_auto="1" />
				<Option object_output="obj/Debug_MinGW32/" />
				<Option type="1" />
				<Option compiler="gcc" />
				<Compiler>
					<Add option="-std=c++11" />
					<Add option="-g" />
					<Add directory="source/gameInitialization/windows" />
					<Add directory="source/gameInitialization" />
					<Add directory="source/resourceCache" />
					<Add directory="source/utilities" />
					<Add directory="source/luaScripting" />
					<Add directory="source/eventManager" />
					<Add directory="source/watermillGame" />
					<Add directory="source/debugging" />
					<Add directory="source/main" />
					<Add directory="source/saveManager" />
					<Add directory="source/actors" />
					<Add directory="source/gameLogic" />
					<Add directory="source/gameInitialization/linux" />
					<Add directory="source/mainLoop" />
				</Compiler>
				<Linker>
					<Add library="freeglut" />
					<Add library="psapi" />
					<Add library="opengl32" />
				</Linker>
			</Target>
			<Target title="Release_MinGW32">
				<Option output="bin/Release_MinGW32/Watermill" prefix_auto="1" extension_auto="1" />
				<Option object_output="obj/Release_MinGW32/" />
				<Option type="1" />
				<Option compiler="gcc" />
				<Compiler>
					<Add option="-O2" />
					<Add directory="source/gameInitialization/windows" />
					<Add directory="source/gameInitialization" />
					<Add directory="source/resourceCache" />
					<Add directory="source/utilities" />
					<Add directory="source/luaScripting" />
					<Add directory="source/eventManager" />
					<Add directory="source/watermillGame" />
					<Add directory="source/debugging" />
					<Add directory="source/main" />
					<Add directory="source/saveManager" />
					<Add directory="source/actors" />
					<Add directory="source/gameLogic" />
					<Add directory="source/gameInitialization/linux" />
					<Add directory="source/mainLoop" />
				</Compiler>
				<Linker>
					<Add option="-s" />
				</Linker>
			</Target>
			<Target title="Debug_Cygwin64">
				<Option output="bin/Debug_Cygwin64/Watermill" prefix_auto="1" extension_auto="1" />
				<Option object_output="obj/Debug_Cygwin64/" />
				<Option type="1" />
				<Option compiler="cygwin" />
				<Compiler>
					<Add option="-std=c++11" />
					<Add option="-D_BSD_SOURCE" />
					<Add directory="../../../../../libraries/freeglut/include" />
					<Add directory="source/gameInitialization/windows" />
					<Add directory="source/gameInitialization" />
					<Add directory="source/resourceCache" />
					<Add directory="source/utilities" />
					<Add directory="source/luaScripting" />
					<Add directory="source/eventManager" />
					<Add directory="source/watermillGame" />
					<Add directory="source/debugging" />
					<Add directory="source/main" />
					<Add directory="source/saveManager" />
					<Add directory="source/actors" />
					<Add directory="source/gameLogic" />
					<Add directory="source/gameInitialization/linux" />
					<Add directory="source/mainLoop" />
				</Compiler>
				<Linker>
					<Add library="psapi" />
					<Add library="opengl32" />
					<Add library="freeglut" />
					<Add library="lua" />
					<Add library="boost_system" />
					<Add library="boost_filesystem" />
					<Add library="boost_locale" />
					<Add library="boost_log" />
					<Add library="boost_thread" />
					<Add library="boost_log_setup" />
					<Add directory="../../../../../libraries/freeglut/lib/x64" />
				</Linker>
			</Target>
			<Target title="Debug_MinGW64">
				<Option output="bin/Debug_MinGW64/Watermill" prefix_auto="1" extension_auto="1" />
				<Option object_output="obj/Debug_MinGW64/" />
				<Option type="1" />
				<Option compiler="mingw64" />
				<Compiler>
					<Add option="-Wall" />
					<Add option="-std=c++11" />
					<Add option="-g" />
					<Add option="-DBOOST_LOG_DYN_LINK" />
					<Add directory="../../../../../libraries/freeglut/include" />
					<Add directory="source/gameInitialization/windows" />
					<Add directory="source/gameInitialization" />
					<Add directory="source/resourceCache" />
					<Add directory="source/utilities" />
					<Add directory="source/luaScripting" />
					<Add directory="source/eventManager" />
					<Add directory="source/watermillGame" />
					<Add directory="../../../../../../../../../msys64/mingw64/x86_64-w64-mingw32/include" />
					<Add directory="source/debugging" />
					<Add directory="source/main" />
					<Add directory="source/saveManager" />
					<Add directory="source/actors" />
					<Add directory="source/gameLogic" />
					<Add directory="source/gameInitialization/linux" />
					<Add directory="source/mainLoop" />
				</Compiler>
				<Linker>
					<Add library="freeglut" />
					<Add library="psapi" />
					<Add library="opengl32" />
					<Add library="boost_filesystem-mt" />
					<Add library="boost_system-mt" />
					<Add library="boost_locale-mt" />
					<Add library="boost_log-mt" />
					<Add library="boost_thread-mt" />
					<Add library="boost_log_setup-mt" />
					<Add library="lua" />
					<Add directory="../../../../../libraries/freeglut/lib/x64" />
					<Add directory="../../../../../../../../../msys64/mingw64/lib" />
				</Linker>
			</Target>
			<Target title="Debug_Linux">
				<Option output="bin/Debug_Linux/Watermill" prefix_auto="1" extension_auto="1" />
				<Option object_output="obj/Debug_Linux/" />
				<Option type="1" />
				<Option compiler="gcc" />
				<Compiler>
					<Add option="-std=c++11" />
					<Add option="-g" />
					<Add directory="source/gameInitialization/windows" />
					<Add directory="source/gameInitialization" />
					<Add directory="source/resourceCache" />
					<Add directory="source/utilities" />
					<Add directory="source/luaScripting" />
					<Add directory="source/eventManager" />
					<Add directory="source/watermillGame" />
					<Add directory="source/debugging" />
					<Add directory="source/main" />
					<Add directory="source/saveManager" />
					<Add directory="source/actors" />
					<Add directory="source/gameLogic" />
					<Add directory="source/gameInitialization/linux" />
					<Add directory="source/mainLoop" />
				</Compiler>
				<Linker>
					<Add library="boost_system" />
					<Add library="boost_filesystem" />
					<Add library="boost_thread" />
					<Add library="boost_log" />
					<Add library="boost_log_setup" />
					<Add library="pthread" />
					<Add library="boost_locale" />
					<Add library="glut" />
					<Add library="GL" />
					<Add library="GLU" />
					<Add library="lua" />
					<Add library="dl" />
				</Linker>
			</Target>
			<Target title="Release_Linux">
				<Option output="bin/Release_Linux/Watermill" prefix_auto="1" extension_auto="1" />
				<Option object_output="obj/Release_Linux/" />
				<Option type="1" />
				<Option compiler="gcc" />
				<Compiler>
					<Add option="-O2" />
					<Add directory="source/gameInitialization/windows" />
					<Add directory="source/gameInitialization" />
					<Add directory="source/resourceCache" />
					<Add directory="source/utilities" />
					<Add directory="source/luaScripting" />
					<Add directory="source/eventManager" />
					<Add directory="source/watermillGame" />
					<Add directory="source/debugging" />
					<Add directory="source/main" />
					<Add directory="source/saveManager" />
					<Add directory="source/actors" />
					<Add directory="source/gameLogic" />
					<Add directory="source/gameInitialization/linux" />
					<Add directory="source/mainLoop" />
				</Compiler>
				<Linker>
					<Add option="-s" />
				</Linker>
			</Target>
		</Build>
		<Compiler>
			<Add option="-Wall" />
		</Compiler>
		<Unit filename="../../../assets/actors/player_character.xml" />
		<Unit filename="../../../assets/scripts/test.lua" />
		<Unit filename="../../../assets/strings/.gitignore" />
		<Unit filename="../../../assets/strings/en/LC_MESSAGES/watermill.po" />
		<Unit filename="../../../assets/strings/pl/LC_MESSAGES/watermill.po" />
		<Unit filename="../../../docs/codeblocks/codeblocks_cygwin64.txt" />
		<Unit filename="../../../docs/codeblocks/codeblocks_mingw32.txt" />
		<Unit filename="../../../docs/codeblocks/codeblocks_mingw64.txt" />
		<Unit filename="../../../docs/eclipse/eclipse_cygwin64.txt" />
		<Unit filename="../../../docs/eclipse/eclipse_mingw32.txt" />
		<Unit filename="../../../docs/eclipse/eclipse_mingw64.txt" />
		<Unit filename="../../../docs/watermill_readme.txt" />
		<Unit filename="../../../game/debugOptions.xml" />
		<Unit filename="../../../game/playerOptions.xml" />
		<Unit filename="../../../source/actors/Actor.cpp" />
		<Unit filename="../../../source/actors/Actor.h" />
		<Unit filename="../../../source/actors/ActorComponent.cpp" />
		<Unit filename="../../../source/actors/ActorComponent.h" />
		<Unit filename="../../../source/actors/ActorFactory.cpp" />
		<Unit filename="../../../source/actors/ActorFactory.h" />
		<Unit filename="../../../source/actors/ComponentFactory.cpp" />
		<Unit filename="../../../source/actors/ComponentFactory.h" />
		<Unit filename="../../../source/actors/RenderComponent.cpp" />
		<Unit filename="../../../source/actors/RenderComponent.h" />
		<Unit filename="../../../source/actors/ScriptComponent.cpp" />
		<Unit filename="../../../source/actors/ScriptComponent.h" />
		<Unit filename="../../../source/actors/TransformComponent.cpp" />
		<Unit filename="../../../source/actors/TransformComponent.h" />
		<Unit filename="../../../source/debugging/Logger.cpp" />
		<Unit filename="../../../source/debugging/Logger.h" />
		<Unit filename="../../../source/eventManager/EventManager.cpp" />
		<Unit filename="../../../source/eventManager/EventManager.h" />
		<Unit filename="../../../source/gameInitialization/AudioSystem.cpp" />
		<Unit filename="../../../source/gameInitialization/AudioSystem.h" />
		<Unit filename="../../../source/gameInitialization/DataFiles.cpp" />
		<Unit filename="../../../source/gameInitialization/DataFiles.h" />
		<Unit filename="../../../source/gameInitialization/DebuggingOptions.cpp" />
		<Unit filename="../../../source/gameInitialization/DebuggingOptions.h" />
		<Unit filename="../../../source/gameInitialization/ErrorCode.cpp" />
		<Unit filename="../../../source/gameInitialization/ErrorCode.h" />
		<Unit filename="../../../source/gameInitialization/GameCodeApp.cpp" />
		<Unit filename="../../../source/gameInitialization/GameCodeApp.h" />
		<Unit filename="../../../source/gameInitialization/GameMessages.cpp" />
		<Unit filename="../../../source/gameInitialization/GameMessages.h" />
		<Unit filename="../../../source/gameInitialization/InitOptions.cpp" />
		<Unit filename="../../../source/gameInitialization/InitOptions.h" />
		<Unit filename="../../../source/gameInitialization/Macros.cpp" />
		<Unit filename="../../../source/gameInitialization/Macros.h" />
		<Unit filename="../../../source/gameInitialization/PlayerOptions.cpp" />
		<Unit filename="../../../source/gameInitialization/PlayerOptions.h" />
		<Unit filename="../../../source/gameInitialization/SystemCalls.h" />
		<Unit filename="../../../source/gameInitialization/VideoSystem.cpp" />
		<Unit filename="../../../source/gameInitialization/VideoSystem.h" />
		<Unit filename="../../../source/gameInitialization/linux/LinuxCalls.cpp" />
		<Unit filename="../../../source/gameInitialization/linux/LinuxCalls.h" />
		<Unit filename="../../../source/gameInitialization/linux/LinuxCpuCalls.cpp" />
		<Unit filename="../../../source/gameInitialization/linux/LinuxCpuCalls.h" />
		<Unit filename="../../../source/gameInitialization/linux/LinuxProcessCalls.cpp" />
		<Unit filename="../../../source/gameInitialization/linux/LinuxProcessCalls.h" />
		<Unit filename="../../../source/gameInitialization/windows/Cygwin64Calls.cpp" />
		<Unit filename="../../../source/gameInitialization/windows/Cygwin64Calls.h" />
		<Unit filename="../../../source/gameInitialization/windows/Cygwin64CpuCalls.cpp" />
		<Unit filename="../../../source/gameInitialization/windows/Cygwin64CpuCalls.h" />
		<Unit filename="../../../source/gameInitialization/windows/Cygwin64ProcessCalls.cpp" />
		<Unit filename="../../../source/gameInitialization/windows/Cygwin64ProcessCalls.h" />
		<Unit filename="../../../source/gameInitialization/windows/Windows32Calls.cpp" />
		<Unit filename="../../../source/gameInitialization/windows/Windows32Calls.h" />
		<Unit filename="../../../source/gameInitialization/windows/Windows64Calls.cpp" />
		<Unit filename="../../../source/gameInitialization/windows/Windows64Calls.h" />
		<Unit filename="../../../source/gameLogic/BaseGameLogic.cpp" />
		<Unit filename="../../../source/gameLogic/BaseGameLogic.h" />
		<Unit filename="../../../source/gameLogic/BaseGameState.h" />
		<Unit filename="../../../source/luaScripting/LuaStateManager.cpp" />
		<Unit filename="../../../source/luaScripting/LuaStateManager.h" />
		<Unit filename="../../../source/main/GameMain.cpp" />
		<Unit filename="../../../source/main/GameMain.h" />
		<Unit filename="../../../source/main/Main.cpp" />
		<Unit filename="../../../source/mainLoop/Process.cpp" />
		<Unit filename="../../../source/mainLoop/Process.h" />
		<Unit filename="../../../source/mainLoop/ProcessManager.cpp" />
		<Unit filename="../../../source/mainLoop/ProcessManager.h" />
		<Unit filename="../../../source/mainLoop/ProcessState.h" />
		<Unit filename="../../../source/resourceCache/IResourceFile.cpp" />
		<Unit filename="../../../source/resourceCache/IResourceFile.h" />
		<Unit filename="../../../source/resourceCache/IResourceLoader.cpp" />
		<Unit filename="../../../source/resourceCache/IResourceLoader.h" />
		<Unit filename="../../../source/resourceCache/Resource.cpp" />
		<Unit filename="../../../source/resourceCache/Resource.h" />
		<Unit filename="../../../source/resourceCache/ResourceCache.cpp" />
		<Unit filename="../../../source/resourceCache/ResourceCache.h" />
		<Unit filename="../../../source/resourceCache/ResourceZipFile.cpp" />
		<Unit filename="../../../source/resourceCache/ResourceZipFile.h" />
		<Unit filename="../../../source/resourceCache/XmlResourceLoader.cpp" />
		<Unit filename="../../../source/resourceCache/XmlResourceLoader.h" />
		<Unit filename="../../../source/saveManager/SaveManager.cpp" />
		<Unit filename="../../../source/saveManager/SaveManager.h" />
		<Unit filename="../../../source/scripts/checkPreprocessor.cmd" />
		<Unit filename="../../../source/scripts/codeBlock/runCodeBlockCygwin64.cmd" />
		<Unit filename="../../../source/scripts/codeBlock/runCodeBlockMinGW32.cmd" />
		<Unit filename="../../../source/scripts/codeBlock/runCodeBlockMinGW64.cmd" />
		<Unit filename="../../../source/scripts/eclipse/runEclipseCygwin64.cmd" />
		<Unit filename="../../../source/scripts/eclipse/runEclipseMinGW32.cmd" />
		<Unit filename="../../../source/scripts/eclipse/runEclipseMinGW64.cmd" />
		<Unit filename="../../../source/scripts/runCygwin.cmd" />
		<Unit filename="../../../source/scripts/runMinGW.cmd" />
		<Unit filename="../../../source/scripts/runMinGW64.cmd" />
		<Unit filename="../../../source/testClasses/TestClass.cpp" />
		<Unit filename="../../../source/testClasses/TestClass.h" />
		<Unit filename="../../../source/utilities/MemoryPool.cpp" />
		<Unit filename="../../../source/utilities/MemoryPool.h" />
		<Unit filename="../../../source/utilities/MemoryUsageObject.cpp" />
		<Unit filename="../../../source/utilities/MemoryUsageObject.h" />
		<Unit filename="../../../source/utilities/MemoryUsageObjectAutoInitMemPool.cpp" />
		<Unit filename="../../../source/utilities/MemoryUsageObjectAutoInitMemPool.h" />
		<Unit filename="../../../source/utilities/NumberUtils.cpp" />
		<Unit filename="../../../source/utilities/NumberUtils.h" />
		<Unit filename="../../../source/utilities/PrimeSearch.cpp" />
		<Unit filename="../../../source/utilities/PrimeSearch.h" />
		<Unit filename="../../../source/utilities/PropertyTreeUtils.cpp" />
		<Unit filename="../../../source/utilities/PropertyTreeUtils.h" />
		<Unit filename="../../../source/utilities/RandomGenerator.cpp" />
		<Unit filename="../../../source/utilities/RandomGenerator.h" />
		<Unit filename="../../../source/utilities/StringUtils.cpp" />
		<Unit filename="../../../source/utilities/StringUtils.h" />
		<Unit filename="../../../source/utilities/Templates.h" />
		<Unit filename="../../../source/watermillGame/WatermillGame.cpp" />
		<Unit filename="../../../source/watermillGame/WatermillGame.h" />
		<Unit filename="../../../source/watermillGame/WatermillLogic.cpp" />
		<Unit filename="../../../source/watermillGame/WatermillLogic.h" />
		<Unit filename="watermill.ini" />
		<Extensions>
			<code_completion />
			<envvars />
			<debugger />
			<lib_finder disable_auto="1" />
		</Extensions>
	</Project>
</CodeBlocks_project_file>
