<?xml version="1.0" encoding="UTF-8" standalone="yes" ?>
<CodeBlocks_project_file>
	<FileVersion major="1" minor="6" />
	<Project>
		<Option title="Watermill" />
		<Option pch_mode="2" />
		<Option compiler="gcc" />
		<Build>
			<Target title="Debug_MinGW32">
				<Option output="bin/Debug_MinGW32/Watermill" prefix_auto="1" extension_auto="1" />
				<Option object_output="obj/Debug_MinGW32/" />
				<Option type="1" />
				<Option compiler="gcc" />
				<Compiler>
					<Add option="-std=c++11" />
					<Add option="-g" />
					<Add directory="../../../../../libraries/boost_1_60_0" />
					<Add directory="../../../../../libraries/freeglut/include" />
					<Add directory="source/gameInitialization/windows" />
					<Add directory="source/gameInitialization" />
				</Compiler>
				<Linker>
					<Add library="freeglut" />
					<Add library="psapi" />
					<Add library="opengl32" />
					<Add directory="../../../../../libraries/freeglut/lib" />
				</Linker>
			</Target>
			<Target title="Release_MinGW32">
				<Option output="bin/Release_MinGW32/Watermill" prefix_auto="1" extension_auto="1" />
				<Option object_output="obj/Release_MinGW32/" />
				<Option type="1" />
				<Option compiler="gcc" />
				<Compiler>
					<Add option="-O2" />
					<Add directory="source/gameInitialization/windows" />
					<Add directory="source/gameInitialization" />
				</Compiler>
				<Linker>
					<Add option="-s" />
				</Linker>
			</Target>
			<Target title="Debug_Cygwin64">
				<Option output="bin/Debug_Cygwin64/Watermill" prefix_auto="1" extension_auto="1" />
				<Option object_output="obj/Debug_Cygwin64/" />
				<Option type="1" />
				<Option compiler="cygwin" />
				<Compiler>
					<Add option="-std=c++11" />
					<Add option="-D_BSD_SOURCE" />
					<Add directory="../../../../../libraries/freeglut/include" />
					<Add directory="source/gameInitialization/windows" />
					<Add directory="source/gameInitialization" />
				</Compiler>
				<Linker>
					<Add library="freeglut" />
					<Add library="psapi" />
					<Add library="opengl32" />
					<Add library="boost_system" />
					<Add library="boost_filesystem" />
					<Add directory="../../../../../libraries/freeglut/lib/x64" />
				</Linker>
			</Target>
			<Target title="Debug_MinGW64">
				<Option output="bin/Debug_MinGW64/Watermill" prefix_auto="1" extension_auto="1" />
				<Option object_output="obj/Debug_MinGW64/" />
				<Option type="1" />
				<Option compiler="mingw64" />
				<Compiler>
					<Add option="-std=c++11" />
					<Add option="-g" />
					<Add directory="../../../../../libraries/freeglut/include" />
					<Add directory="source/gameInitialization/windows" />
					<Add directory="source/gameInitialization" />
					<Add directory="../../../../../libraries/boost_1_60_0" />
				</Compiler>
				<Linker>
					<Add library="freeglut" />
					<Add library="psapi" />
					<Add library="opengl32" />
					<Add directory="../../../../../libraries/freeglut/lib/x64" />
				</Linker>
			</Target>
		</Build>
		<Compiler>
			<Add option="-Wall" />
		</Compiler>
		<Unit filename="../../../docs/codeblocks/codeblocks_cygwin64.txt" />
		<Unit filename="../../../docs/codeblocks/codeblocks_mingw32.txt" />
		<Unit filename="../../../docs/codeblocks/codeblocks_mingw64.txt" />
		<Unit filename="../../../docs/eclipse/eclipse_cygwin64.txt" />
		<Unit filename="../../../docs/eclipse/eclipse_mingw32.txt" />
		<Unit filename="../../../docs/eclipse/eclipse_mingw64.txt" />
		<Unit filename="../../../docs/netbeans/cygwin64_readme.txt" />
		<Unit filename="../../../docs/netbeans/mingw64_readme.txt" />
		<Unit filename="../../../docs/netbeans/mingw_readme.txt" />
		<Unit filename="../../../docs/watermill_readme.txt" />
		<Unit filename="../../../media/debugOptions.xml" />
		<Unit filename="../../../source/gameInitialization/AudioSystem.cpp" />
		<Unit filename="../../../source/gameInitialization/AudioSystem.hpp" />
		<Unit filename="../../../source/gameInitialization/DataFiles.cpp" />
		<Unit filename="../../../source/gameInitialization/DataFiles.hpp" />
		<Unit filename="../../../source/gameInitialization/DebuggingOptions.cpp" />
		<Unit filename="../../../source/gameInitialization/DebuggingOptions.h" />
		<Unit filename="../../../source/gameInitialization/ErrorCode.cpp" />
		<Unit filename="../../../source/gameInitialization/ErrorCode.hpp" />
		<Unit filename="../../../source/gameInitialization/GameCodeApp.cpp" />
		<Unit filename="../../../source/gameInitialization/GameCodeApp.hpp" />
		<Unit filename="../../../source/gameInitialization/InitOptions.cpp" />
		<Unit filename="../../../source/gameInitialization/InitOptions.h" />
		<Unit filename="../../../source/gameInitialization/Macros.hpp" />
		<Unit filename="../../../source/gameInitialization/PropertyTreeUtils.cpp" />
		<Unit filename="../../../source/gameInitialization/PropertyTreeUtils.h" />
		<Unit filename="../../../source/gameInitialization/SystemCalls.hpp" />
		<Unit filename="../../../source/gameInitialization/VideoSystem.cpp" />
		<Unit filename="../../../source/gameInitialization/VideoSystem.hpp" />
		<Unit filename="../../../source/gameInitialization/linux/LinuxCalls.cpp" />
		<Unit filename="../../../source/gameInitialization/linux/LinuxCalls.hpp" />
		<Unit filename="../../../source/gameInitialization/windows/Cygwin64Calls.cpp" />
		<Unit filename="../../../source/gameInitialization/windows/Cygwin64Calls.hpp" />
		<Unit filename="../../../source/gameInitialization/windows/Cygwin64CpuCalls.cpp" />
		<Unit filename="../../../source/gameInitialization/windows/Cygwin64CpuCalls.h" />
		<Unit filename="../../../source/gameInitialization/windows/Cygwin64ProcessCalls.cpp" />
		<Unit filename="../../../source/gameInitialization/windows/Cygwin64ProcessCalls.h" />
		<Unit filename="../../../source/gameInitialization/windows/Windows32Calls.cpp" />
		<Unit filename="../../../source/gameInitialization/windows/Windows32Calls.hpp" />
		<Unit filename="../../../source/gameInitialization/windows/Windows64Calls.cpp" />
		<Unit filename="../../../source/gameInitialization/windows/Windows64Calls.hpp" />
		<Unit filename="../../../source/main/Main.cpp" />
		<Unit filename="../../../source/scripts/checkPreprocessor.cmd" />
		<Unit filename="../../../source/scripts/codeBlock/runCodeBlockCygwin64.cmd" />
		<Unit filename="../../../source/scripts/codeBlock/runCodeBlockMinGW32.cmd" />
		<Unit filename="../../../source/scripts/codeBlock/runCodeBlockMinGW64.cmd" />
		<Unit filename="../../../source/scripts/eclipse/runEclipseCygwin64.cmd" />
		<Unit filename="../../../source/scripts/eclipse/runEclipseMinGW32.cmd" />
		<Unit filename="../../../source/scripts/eclipse/runEclipseMinGW64.cmd" />
		<Unit filename="../../../source/scripts/runCygwin.cmd" />
		<Unit filename="../../../source/scripts/runMinGW.cmd" />
		<Unit filename="../../../source/scripts/runMinGW64.cmd" />
		<Unit filename="../../../source/testClasses/TestClass.cpp" />
		<Unit filename="../../../source/testClasses/TestClass.hpp" />
		<Extensions>
			<code_completion />
			<envvars />
			<debugger />
			<lib_finder disable_auto="1" />
		</Extensions>
	</Project>
</CodeBlocks_project_file>
